
Microsoft Visual Studio Solution File, Format Version 12.00
# Visual Studio Version 17
VisualStudioVersion = 17.10.35013.160
MinimumVisualStudioVersion = 10.0.40219.1
Project("{2150E333-8FDC-42A3-9474-1A3956D46DE8}") = "Services", "Services", "{7D077FB7-3DD1-469D-BC52-1CA97E2D4F7B}"
EndProject
Project("{2150E333-8FDC-42A3-9474-1A3956D46DE8}") = "Catalog", "Catalog", "{7ADD0063-0F7D-4CEC-AD2B-7E862D998411}"
EndProject
Project("{FAE04EC0-301F-11D3-BF4B-00C04F79EFBC}") = "EShop.Catalog", "Services\Catalog\EShop.Catalog\EShop.Catalog.csproj", "{305BAC5E-0E02-4973-B85F-546D26F726CF}"
EndProject
Global
	GlobalSection(SolutionConfigurationPlatforms) = preSolution
		Debug|Any CPU = Debug|Any CPU
		Release|Any CPU = Release|Any CPU
	EndGlobalSection
	GlobalSection(ProjectConfigurationPlatforms) = postSolution
		{305BAC5E-0E02-4973-B85F-546D26F726CF}.Debug|Any CPU.ActiveCfg = Debug|Any CPU
		{305BAC5E-0E02-4973-B85F-546D26F726CF}.Debug|Any CPU.Build.0 = Debug|Any CPU
		{305BAC5E-0E02-4973-B85F-546D26F726CF}.Release|Any CPU.ActiveCfg = Release|Any CPU
		{305BAC5E-0E02-4973-B85F-546D26F726CF}.Release|Any CPU.Build.0 = Release|Any CPU
	EndGlobalSection
	GlobalSection(SolutionProperties) = preSolution
		HideSolutionNode = FALSE
	EndGlobalSection
	GlobalSection(NestedProjects) = preSolution
		{7ADD0063-0F7D-4CEC-AD2B-7E862D998411} = {7D077FB7-3DD1-469D-BC52-1CA97E2D4F7B}
		{305BAC5E-0E02-4973-B85F-546D26F726CF} = {7ADD0063-0F7D-4CEC-AD2B-7E862D998411}
	EndGlobalSection
	GlobalSection(ExtensibilityGlobals) = postSolution
		SolutionGuid = {E63154DB-1E74-4940-8081-71C51006D5C8}
	EndGlobalSection
EndGlobal
