
Microsoft Visual Studio Solution File, Format Version 12.00
# Visual Studio Version 17
VisualStudioVersion = 17.10.35013.160
MinimumVisualStudioVersion = 10.0.40219.1
Project("{2150E333-8FDC-42A3-9474-1A3956D46DE8}") = "Services", "Services", "{7D077FB7-3DD1-469D-BC52-1CA97E2D4F7B}"
EndProject
Project("{2150E333-8FDC-42A3-9474-1A3956D46DE8}") = "Catalog", "Catalog", "{7ADD0063-0F7D-4CEC-AD2B-7E862D998411}"
EndProject
Project("{9A19103F-16F7-4668-BE54-9A1E7A4F7556}") = "EShop.Catalog", "Services\Catalog\EShop.Catalog\EShop.Catalog.csproj", "{305BAC5E-0E02-4973-B85F-546D26F726CF}"
EndProject
Project("{2150E333-8FDC-42A3-9474-1A3956D46DE8}") = "Discount", "Discount", "{C6A0180D-96C8-4DBE-8DF5-7808F33C82C8}"
EndProject
Project("{9A19103F-16F7-4668-BE54-9A1E7A4F7556}") = "EShop.Discount", "Services\Discount\EShop.Discount\EShop.Discount.csproj", "{D77447FB-6B70-4883-A46A-6EF502027FE7}"
EndProject
Project("{2150E333-8FDC-42A3-9474-1A3956D46DE8}") = "Order", "Order", "{E7E9E199-C97D-4FA3-B6EB-C16AB1FF756D}"
EndProject
Project("{2150E333-8FDC-42A3-9474-1A3956D46DE8}") = "Infrastructure", "Infrastructure", "{07750011-28C5-47B2-AD1C-4E29A768C3FF}"
EndProject
Project("{2150E333-8FDC-42A3-9474-1A3956D46DE8}") = "Core", "Core", "{D67BA88E-9E27-4A1F-B28D-17CF38110082}"
EndProject
Project("{2150E333-8FDC-42A3-9474-1A3956D46DE8}") = "Presentation", "Presentation", "{98F75250-26BA-4DA0-AC72-5AF9EB098E5F}"
EndProject
Project("{9A19103F-16F7-4668-BE54-9A1E7A4F7556}") = "EShop.Order.Domain", "Services\Order\Core\EShop.Order.Domain\EShop.Order.Domain.csproj", "{08808601-8763-403E-8BAF-99CD1D72B870}"
EndProject
Project("{9A19103F-16F7-4668-BE54-9A1E7A4F7556}") = "EShop.Order.Application", "Services\Order\Core\EShop.Order.Application\EShop.Order.Application.csproj", "{DF723476-B385-4B22-A4AD-72126DB89E8B}"
EndProject
Project("{9A19103F-16F7-4668-BE54-9A1E7A4F7556}") = "EShop.Order.Persistence", "Services\Order\Infrastructure\EShop.Order.Persistence\EShop.Order.Persistence.csproj", "{A5F63B1D-1CF2-4F83-9A86-F68453A12BE5}"
EndProject
Project("{9A19103F-16F7-4668-BE54-9A1E7A4F7556}") = "EShop.Order.WebApi", "Services\Order\Presentation\EShop.Order.WebApi\EShop.Order.WebApi.csproj", "{9766AB57-9EA0-45F4-B639-DB95FF9D9D35}"
EndProject
Project("{2150E333-8FDC-42A3-9474-1A3956D46DE8}") = "IdentityServer", "IdentityServer", "{E01E212E-502B-4CFB-BB32-19AF6A01F935}"
EndProject
Project("{9A19103F-16F7-4668-BE54-9A1E7A4F7556}") = "EShop.IdentityServer", "IdentityServer\EShop.IdentityServer\EShop.IdentityServer.csproj", "{33039B73-A378-4AAF-A88B-EA232980EAA4}"
EndProject
Global
	GlobalSection(SolutionConfigurationPlatforms) = preSolution
		Debug|Any CPU = Debug|Any CPU
		Release|Any CPU = Release|Any CPU
	EndGlobalSection
	GlobalSection(ProjectConfigurationPlatforms) = postSolution
		{305BAC5E-0E02-4973-B85F-546D26F726CF}.Debug|Any CPU.ActiveCfg = Debug|Any CPU
		{305BAC5E-0E02-4973-B85F-546D26F726CF}.Debug|Any CPU.Build.0 = Debug|Any CPU
		{305BAC5E-0E02-4973-B85F-546D26F726CF}.Release|Any CPU.ActiveCfg = Release|Any CPU
		{305BAC5E-0E02-4973-B85F-546D26F726CF}.Release|Any CPU.Build.0 = Release|Any CPU
		{D77447FB-6B70-4883-A46A-6EF502027FE7}.Debug|Any CPU.ActiveCfg = Debug|Any CPU
		{D77447FB-6B70-4883-A46A-6EF502027FE7}.Debug|Any CPU.Build.0 = Debug|Any CPU
		{D77447FB-6B70-4883-A46A-6EF502027FE7}.Release|Any CPU.ActiveCfg = Release|Any CPU
		{D77447FB-6B70-4883-A46A-6EF502027FE7}.Release|Any CPU.Build.0 = Release|Any CPU
		{08808601-8763-403E-8BAF-99CD1D72B870}.Debug|Any CPU.ActiveCfg = Debug|Any CPU
		{08808601-8763-403E-8BAF-99CD1D72B870}.Debug|Any CPU.Build.0 = Debug|Any CPU
		{08808601-8763-403E-8BAF-99CD1D72B870}.Release|Any CPU.ActiveCfg = Release|Any CPU
		{08808601-8763-403E-8BAF-99CD1D72B870}.Release|Any CPU.Build.0 = Release|Any CPU
		{DF723476-B385-4B22-A4AD-72126DB89E8B}.Debug|Any CPU.ActiveCfg = Debug|Any CPU
		{DF723476-B385-4B22-A4AD-72126DB89E8B}.Debug|Any CPU.Build.0 = Debug|Any CPU
		{DF723476-B385-4B22-A4AD-72126DB89E8B}.Release|Any CPU.ActiveCfg = Release|Any CPU
		{DF723476-B385-4B22-A4AD-72126DB89E8B}.Release|Any CPU.Build.0 = Release|Any CPU
		{A5F63B1D-1CF2-4F83-9A86-F68453A12BE5}.Debug|Any CPU.ActiveCfg = Debug|Any CPU
		{A5F63B1D-1CF2-4F83-9A86-F68453A12BE5}.Debug|Any CPU.Build.0 = Debug|Any CPU
		{A5F63B1D-1CF2-4F83-9A86-F68453A12BE5}.Release|Any CPU.ActiveCfg = Release|Any CPU
		{A5F63B1D-1CF2-4F83-9A86-F68453A12BE5}.Release|Any CPU.Build.0 = Release|Any CPU
		{9766AB57-9EA0-45F4-B639-DB95FF9D9D35}.Debug|Any CPU.ActiveCfg = Debug|Any CPU
		{9766AB57-9EA0-45F4-B639-DB95FF9D9D35}.Debug|Any CPU.Build.0 = Debug|Any CPU
		{9766AB57-9EA0-45F4-B639-DB95FF9D9D35}.Release|Any CPU.ActiveCfg = Release|Any CPU
		{9766AB57-9EA0-45F4-B639-DB95FF9D9D35}.Release|Any CPU.Build.0 = Release|Any CPU
		{33039B73-A378-4AAF-A88B-EA232980EAA4}.Debug|Any CPU.ActiveCfg = Debug|Any CPU
		{33039B73-A378-4AAF-A88B-EA232980EAA4}.Debug|Any CPU.Build.0 = Debug|Any CPU
		{33039B73-A378-4AAF-A88B-EA232980EAA4}.Release|Any CPU.ActiveCfg = Release|Any CPU
		{33039B73-A378-4AAF-A88B-EA232980EAA4}.Release|Any CPU.Build.0 = Release|Any CPU
	EndGlobalSection
	GlobalSection(SolutionProperties) = preSolution
		HideSolutionNode = FALSE
	EndGlobalSection
	GlobalSection(NestedProjects) = preSolution
		{7ADD0063-0F7D-4CEC-AD2B-7E862D998411} = {7D077FB7-3DD1-469D-BC52-1CA97E2D4F7B}
		{305BAC5E-0E02-4973-B85F-546D26F726CF} = {7ADD0063-0F7D-4CEC-AD2B-7E862D998411}
		{C6A0180D-96C8-4DBE-8DF5-7808F33C82C8} = {7D077FB7-3DD1-469D-BC52-1CA97E2D4F7B}
		{D77447FB-6B70-4883-A46A-6EF502027FE7} = {C6A0180D-96C8-4DBE-8DF5-7808F33C82C8}
		{E7E9E199-C97D-4FA3-B6EB-C16AB1FF756D} = {7D077FB7-3DD1-469D-BC52-1CA97E2D4F7B}
		{07750011-28C5-47B2-AD1C-4E29A768C3FF} = {E7E9E199-C97D-4FA3-B6EB-C16AB1FF756D}
		{D67BA88E-9E27-4A1F-B28D-17CF38110082} = {E7E9E199-C97D-4FA3-B6EB-C16AB1FF756D}
		{98F75250-26BA-4DA0-AC72-5AF9EB098E5F} = {E7E9E199-C97D-4FA3-B6EB-C16AB1FF756D}
		{08808601-8763-403E-8BAF-99CD1D72B870} = {D67BA88E-9E27-4A1F-B28D-17CF38110082}
		{DF723476-B385-4B22-A4AD-72126DB89E8B} = {D67BA88E-9E27-4A1F-B28D-17CF38110082}
		{A5F63B1D-1CF2-4F83-9A86-F68453A12BE5} = {07750011-28C5-47B2-AD1C-4E29A768C3FF}
		{9766AB57-9EA0-45F4-B639-DB95FF9D9D35} = {98F75250-26BA-4DA0-AC72-5AF9EB098E5F}
		{33039B73-A378-4AAF-A88B-EA232980EAA4} = {E01E212E-502B-4CFB-BB32-19AF6A01F935}
	EndGlobalSection
	GlobalSection(ExtensibilityGlobals) = postSolution
		SolutionGuid = {E63154DB-1E74-4940-8081-71C51006D5C8}
	EndGlobalSection
EndGlobal
